<?xml version="1.0" encoding="utf-8"?>
<Project ToolsVersion="4.0" xmlns="http://schemas.microsoft.com/developer/msbuild/2003">
  <ItemGroup>
    <ClCompile Include="src\ofApp.cpp">
      <Filter>src</Filter>
    </ClCompile>
    <ClCompile Include="src\main.cpp">
      <Filter>src</Filter>
    </ClCompile>
    <ClCompile Include="src\util.cpp">
      <Filter>src</Filter>
    </ClCompile>
    <ClCompile Include="src\main.cpp">
      <Filter>src</Filter>
    </ClCompile>
    <ClCompile Include="src\ofApp.cpp">
      <Filter>src</Filter>
    </ClCompile>
    <ClCompile Include="src\util.cpp">
      <Filter>src</Filter>
    </ClCompile>
    <ClCompile Include="external\imgui\imgui_demo.cpp">
      <Filter>external\imgui</Filter>
    </ClCompile>
    <ClCompile Include="external\imgui\imgui_draw.cpp">
      <Filter>external\imgui</Filter>
    </ClCompile>
    <ClCompile Include="external\imgui\imgui_impl_glfw.cpp">
      <Filter>external\imgui</Filter>
    </ClCompile>
    <ClCompile Include="external\imgui\imgui_impl_opengl3.cpp">
      <Filter>external\imgui</Filter>
    </ClCompile>
    <ClCompile Include="external\imgui\imgui_tables.cpp">
      <Filter>external\imgui</Filter>
    </ClCompile>
    <ClCompile Include="external\imgui\imgui_widgets.cpp">
      <Filter>external\imgui</Filter>
    </ClCompile>
    <ClCompile Include="external\imgui\imgui.cpp">
      <Filter>external\imgui</Filter>
    </ClCompile>
    <ClCompile Include="src\datavis\dataset.cpp">
      <Filter>src\datavis</Filter>
    </ClCompile>
    <ClCompile Include="src\datavis\aabb.cpp">
      <Filter>src\datavis</Filter>
    </ClCompile>
    <ClCompile Include="src\datavis\animator.cpp">
      <Filter>src\datavis</Filter>
    </ClCompile>
    <ClCompile Include="src\datavis\structure\graph.cpp">
      <Filter>src\datavis\structure</Filter>
    </ClCompile>
    <ClCompile Include="src\datavis\structure\node.cpp">
      <Filter>src\datavis\structure</Filter>
    </ClCompile>
    <ClCompile Include="src\datavis\structure\structure.cpp">
      <Filter>src\datavis\structure</Filter>
    </ClCompile>
    <ClCompile Include="src\datavis\structure\tree.cpp">
      <Filter>src\datavis\structure</Filter>
    </ClCompile>
    <ClCompile Include="src\datavis\layout\layout.cpp">
      <Filter>src\datavis\layout</Filter>
    </ClCompile>
    <ClCompile Include="src\datavis\layout\local_search.cpp">
      <Filter>src\datavis\layout</Filter>
    </ClCompile>
    <ClCompile Include="src\datavis\layout\sugiyama.cpp">
      <Filter>src\datavis\layout</Filter>
    </ClCompile>
    <ClCompile Include="src\datavis\structure\edge_path.cpp" />
    <ClCompile Include="src\datavis\structure\clusters.cpp">
      <Filter>src\datavis\structure</Filter>
    </ClCompile>
    <ClCompile Include="src\datavis\layout\edge_bundling.cpp" />
    <ClCompile Include="src\datavis\layout\dim_reduction.cpp" />
    <ClCompile Include="external\implot\implot.cpp">
      <Filter>external\implot</Filter>
    </ClCompile>
    <ClCompile Include="external\implot\implot_demo.cpp">
      <Filter>external\implot</Filter>
    </ClCompile>
    <ClCompile Include="external\implot\implot_items.cpp">
      <Filter>external\implot</Filter>
    </ClCompile>
  </ItemGroup>
  <ItemGroup>
    <Filter Include="src">
      <UniqueIdentifier>{d8376475-7454-4a24-b08a-aac121d3ad6f}</UniqueIdentifier>
    </Filter>
    <Filter Include="external">
      <UniqueIdentifier>{fff0afd3-c5c9-408c-bd45-ceda6f9d02d9}</UniqueIdentifier>
    </Filter>
    <Filter Include="external\imgui">
      <UniqueIdentifier>{de34471f-37eb-4fc7-88b9-1023b6c8277e}</UniqueIdentifier>
    </Filter>
    <Filter Include="src\datavis">
      <UniqueIdentifier>{42A7CE83-41D0-5147-82D8-F18B}</UniqueIdentifier>
    </Filter>
    <Filter Include="src\datavis\layout">
      <UniqueIdentifier>{9680b4e8-f577-41df-9041-7fc9cf2c39a0}</UniqueIdentifier>
    </Filter>
    <Filter Include="src\datavis\structure">
      <UniqueIdentifier>{125c10b3-f052-4d1d-9880-4bb70c7bb55a}</UniqueIdentifier>
    </Filter>
    <Filter Include="external\implot">
      <UniqueIdentifier>{140119cc-c9a8-45ed-a88b-38350b294c8a}</UniqueIdentifier>
    </Filter>
    <Filter Include="external\mds">
      <UniqueIdentifier>{f54c8266-1110-49aa-8853-dfe16b153099}</UniqueIdentifier>
    </Filter>
    <Filter Include="external\tsne">
      <UniqueIdentifier>{b65dc144-7078-4c12-869a-d4eb4cd387d5}</UniqueIdentifier>
    </Filter>
  </ItemGroup>
  <ItemGroup>
    <ClInclude Include="src\ofApp.h">
      <Filter>src</Filter>
    </ClInclude>
    <ClInclude Include="src\precomp.h">
      <Filter>src</Filter>
    </ClInclude>
    <ClInclude Include="src\ofApp.h">
      <Filter>src</Filter>
    </ClInclude>
    <ClInclude Include="src\precomp.h">
      <Filter>src</Filter>
    </ClInclude>
    <ClInclude Include="external\imgui\imgui_impl_glfw.h">
      <Filter>external\imgui</Filter>
    </ClInclude>
    <ClInclude Include="external\imgui\imgui_impl_opengl3.h">
      <Filter>external\imgui</Filter>
    </ClInclude>
    <ClInclude Include="external\imgui\imgui_impl_opengl3_loader.h">
      <Filter>external\imgui</Filter>
    </ClInclude>
    <ClInclude Include="external\imgui\imgui_internal.h">
      <Filter>external\imgui</Filter>
    </ClInclude>
    <ClInclude Include="external\imgui\imstb_rectpack.h">
      <Filter>external\imgui</Filter>
    </ClInclude>
    <ClInclude Include="external\imgui\imstb_textedit.h">
      <Filter>external\imgui</Filter>
    </ClInclude>
    <ClInclude Include="external\imgui\imstb_truetype.h">
      <Filter>external\imgui</Filter>
    </ClInclude>
    <ClInclude Include="external\imgui\imconfig.h">
      <Filter>external\imgui</Filter>
    </ClInclude>
    <ClInclude Include="external\imgui\imgui.h">
      <Filter>external\imgui</Filter>
    </ClInclude>
    <ClInclude Include="src\datavis\animator.h">
      <Filter>src\datavis</Filter>
    </ClInclude>
    <ClInclude Include="src\datavis\dataset.h">
      <Filter>src\datavis</Filter>
    </ClInclude>
    <ClInclude Include="src\datavis\aabb.h">
      <Filter>src\datavis</Filter>
    </ClInclude>
    <ClInclude Include="src\datavis\structure\graph.h">
      <Filter>src\datavis\structure</Filter>
    </ClInclude>
    <ClInclude Include="src\datavis\structure\structure.h">
      <Filter>src\datavis\structure</Filter>
    </ClInclude>
    <ClInclude Include="src\datavis\structure\tree.h">
      <Filter>src\datavis\structure</Filter>
    </ClInclude>
    <ClInclude Include="src\datavis\layout\layout.h">
      <Filter>src\datavis\layout</Filter>
    </ClInclude>
    <ClInclude Include="src\datavis\structure\edge_path.h" />
    <ClInclude Include="src\datavis\structure\clusters.h">
      <Filter>src\datavis\structure</Filter>
    </ClInclude>
    <ClInclude Include="src\datavis\floyd_warshall.h" />
    <ClInclude Include="external\implot\implot.h">
      <Filter>external\implot</Filter>
    </ClInclude>
    <ClInclude Include="external\implot\implot_internal.h">
      <Filter>external\implot</Filter>
    </ClInclude>
    <ClInclude Include="external\qdtsne\tsne.hpp">
      <Filter>external\tsne</Filter>
    </ClInclude>
    <ClInclude Include="external\qdtsne\utils.hpp">
      <Filter>external\tsne</Filter>
    </ClInclude>
    <ClInclude Include="external\qdtsne\symmetrize.hpp">
      <Filter>external\tsne</Filter>
    </ClInclude>
    <ClInclude Include="external\qdtsne\sptree.hpp">
      <Filter>external\tsne</Filter>
    </ClInclude>
    <ClInclude Include="external\SimpleMatrix\SimpleMatrix.h">
      <Filter>external\mds</Filter>
    </ClInclude>
    <ClInclude Include="external\qdtsne\qdtsne.hpp">
      <Filter>external\tsne</Filter>
    </ClInclude>
    <ClInclude Include="external\qdtsne\interpolate.hpp">
      <Filter>external\tsne</Filter>
    </ClInclude>
    <ClInclude Include="src\datavis\structure\node.h">
      <Filter>src\datavis\structure</Filter>
    </ClInclude>
    <ClInclude Include="external\qdtsne\gaussian.hpp">
      <Filter>external\tsne</Filter>
    </ClInclude>
    <ClInclude Include="external\aarand\aarand.hpp">
      <Filter>external\mds</Filter>
    </ClInclude>
  </ItemGroup>
  <ItemGroup>
    <ResourceCompile Include="icon.rc" />
  </ItemGroup>
</Project>