<?xml version="1.0" encoding="utf-8"?>
<Project ToolsVersion="4.0" xmlns="http://schemas.microsoft.com/developer/msbuild/2003">
  <ItemGroup>
    <ClCompile Include="src\ofApp.cpp">
      <Filter>src</Filter>
    </ClCompile>
    <ClCompile Include="src\main.cpp">
      <Filter>src</Filter>
    </ClCompile>
    <ClCompile Include="src\util.cpp">
      <Filter>src</Filter>
    </ClCompile>
    <ClCompile Include="src\main.cpp">
      <Filter>src</Filter>
    </ClCompile>
    <ClCompile Include="src\ofApp.cpp">
      <Filter>src</Filter>
    </ClCompile>
    <ClCompile Include="src\util.cpp">
      <Filter>src</Filter>
    </ClCompile>
    <ClCompile Include="external\imgui\imgui_demo.cpp">
      <Filter>external\imgui</Filter>
    </ClCompile>
    <ClCompile Include="external\imgui\imgui_draw.cpp">
      <Filter>external\imgui</Filter>
    </ClCompile>
    <ClCompile Include="external\imgui\imgui_impl_glfw.cpp">
      <Filter>external\imgui</Filter>
    </ClCompile>
    <ClCompile Include="external\imgui\imgui_impl_opengl3.cpp">
      <Filter>external\imgui</Filter>
    </ClCompile>
    <ClCompile Include="external\imgui\imgui_tables.cpp">
      <Filter>external\imgui</Filter>
    </ClCompile>
    <ClCompile Include="external\imgui\imgui_widgets.cpp">
      <Filter>external\imgui</Filter>
    </ClCompile>
    <ClCompile Include="external\imgui\imgui.cpp">
      <Filter>external\imgui</Filter>
    </ClCompile>
    <ClCompile Include="src\graph\dataset.cpp">
      <Filter>src\graph</Filter>
    </ClCompile>
    <ClCompile Include="src\graph\layout\optimizer.cpp">
      <Filter>src\graph\layout</Filter>
    </ClCompile>
    <ClCompile Include="src\graph\layout\layout.cpp">
      <Filter>src\graph\layout</Filter>
    </ClCompile>
    <ClCompile Include="src\graph\structure\structure.cpp">
      <Filter>src\graph\structure</Filter>
    </ClCompile>
    <ClCompile Include="src\graph\structure\tree.cpp">
      <Filter>src\graph\structure</Filter>
    </ClCompile>
    <ClCompile Include="src\graph\structure\graph.cpp">
      <Filter>src\graph\structure</Filter>
    </ClCompile>
    <ClCompile Include="src\graph\structure\node.cpp">
      <Filter>src\graph\structure</Filter>
    </ClCompile>
  </ItemGroup>
  <ItemGroup>
    <Filter Include="src">
      <UniqueIdentifier>{d8376475-7454-4a24-b08a-aac121d3ad6f}</UniqueIdentifier>
    </Filter>
    <Filter Include="external">
      <UniqueIdentifier>{fff0afd3-c5c9-408c-bd45-ceda6f9d02d9}</UniqueIdentifier>
    </Filter>
    <Filter Include="external\imgui">
      <UniqueIdentifier>{de34471f-37eb-4fc7-88b9-1023b6c8277e}</UniqueIdentifier>
    </Filter>
    <Filter Include="src\graph">
      <UniqueIdentifier>{42A7CE83-41D0-5147-82D8-F18B}</UniqueIdentifier>
    </Filter>
    <Filter Include="src\graph\external">
      <UniqueIdentifier>{78cdd33e-4b28-4648-b55e-1ee7f55fa104}</UniqueIdentifier>
    </Filter>
    <Filter Include="src\graph\layout">
      <UniqueIdentifier>{9680b4e8-f577-41df-9041-7fc9cf2c39a0}</UniqueIdentifier>
    </Filter>
    <Filter Include="src\graph\structure">
      <UniqueIdentifier>{125c10b3-f052-4d1d-9880-4bb70c7bb55a}</UniqueIdentifier>
    </Filter>
  </ItemGroup>
  <ItemGroup>
    <ClInclude Include="src\ofApp.h">
      <Filter>src</Filter>
    </ClInclude>
    <ClInclude Include="src\precomp.h">
      <Filter>src</Filter>
    </ClInclude>
    <ClInclude Include="src\ofApp.h">
      <Filter>src</Filter>
    </ClInclude>
    <ClInclude Include="src\precomp.h">
      <Filter>src</Filter>
    </ClInclude>
    <ClInclude Include="external\imgui\imgui_impl_glfw.h">
      <Filter>external\imgui</Filter>
    </ClInclude>
    <ClInclude Include="external\imgui\imgui_impl_opengl3.h">
      <Filter>external\imgui</Filter>
    </ClInclude>
    <ClInclude Include="external\imgui\imgui_impl_opengl3_loader.h">
      <Filter>external\imgui</Filter>
    </ClInclude>
    <ClInclude Include="external\imgui\imgui_internal.h">
      <Filter>external\imgui</Filter>
    </ClInclude>
    <ClInclude Include="external\imgui\imstb_rectpack.h">
      <Filter>external\imgui</Filter>
    </ClInclude>
    <ClInclude Include="external\imgui\imstb_textedit.h">
      <Filter>external\imgui</Filter>
    </ClInclude>
    <ClInclude Include="external\imgui\imstb_truetype.h">
      <Filter>external\imgui</Filter>
    </ClInclude>
    <ClInclude Include="external\imgui\imconfig.h">
      <Filter>external\imgui</Filter>
    </ClInclude>
    <ClInclude Include="external\imgui\imgui.h">
      <Filter>external\imgui</Filter>
    </ClInclude>
    <ClInclude Include="src\graph\external\spirit-graphviz.hpp">
      <Filter>src\graph\external</Filter>
    </ClInclude>
    <ClInclude Include="src\graph\dataset.h">
      <Filter>src\graph</Filter>
    </ClInclude>
    <ClInclude Include="src\graph\layout\optimizer.h">
      <Filter>src\graph\layout</Filter>
    </ClInclude>
    <ClInclude Include="src\graph\layout\layout.h">
      <Filter>src\graph\layout</Filter>
    </ClInclude>
    <ClInclude Include="src\graph\structure\structure.h">
      <Filter>src\graph\structure</Filter>
    </ClInclude>
    <ClInclude Include="src\graph\structure\tree.h">
      <Filter>src\graph\structure</Filter>
    </ClInclude>
    <ClInclude Include="src\graph\structure\graph.h">
      <Filter>src\graph\structure</Filter>
    </ClInclude>
  </ItemGroup>
  <ItemGroup>
    <ResourceCompile Include="icon.rc" />
  </ItemGroup>
</Project>